
Microsoft Visual Studio Solution File, Format Version 12.00
# Visual Studio Version 17
VisualStudioVersion = 17.4.33103.184
MinimumVisualStudioVersion = 10.0.40219.1
Project("{8BC9CEB8-8B4A-11D0-8D11-00A0C91BC942}") = "Laba_3", "Laba_3\Laba_3.vcxproj", "{3E3511AF-5A8E-46B9-A182-E3AEA9EFD5F7}"
EndProject
Global
	GlobalSection(SolutionConfigurationPlatforms) = preSolution
		Debug|x64 = Debug|x64
		Debug|x86 = Debug|x86
		Release|x64 = Release|x64
		Release|x86 = Release|x86
	EndGlobalSection
	GlobalSection(ProjectConfigurationPlatforms) = postSolution
		{3E3511AF-5A8E-46B9-A182-E3AEA9EFD5F7}.Debug|x64.ActiveCfg = Debug|x64
		{3E3511AF-5A8E-46B9-A182-E3AEA9EFD5F7}.Debug|x64.Build.0 = Debug|x64
		{3E3511AF-5A8E-46B9-A182-E3AEA9EFD5F7}.Debug|x86.ActiveCfg = Debug|Win32
		{3E3511AF-5A8E-46B9-A182-E3AEA9EFD5F7}.Debug|x86.Build.0 = Debug|Win32
		{3E3511AF-5A8E-46B9-A182-E3AEA9EFD5F7}.Release|x64.ActiveCfg = Release|x64
		{3E3511AF-5A8E-46B9-A182-E3AEA9EFD5F7}.Release|x64.Build.0 = Release|x64
		{3E3511AF-5A8E-46B9-A182-E3AEA9EFD5F7}.Release|x86.ActiveCfg = Release|Win32
		{3E3511AF-5A8E-46B9-A182-E3AEA9EFD5F7}.Release|x86.Build.0 = Release|Win32
	EndGlobalSection
	GlobalSection(SolutionProperties) = preSolution
		HideSolutionNode = FALSE
	EndGlobalSection
	GlobalSection(ExtensibilityGlobals) = postSolution
		SolutionGuid = {45A34CAE-9408-49E8-A529-403CE4009E71}
	EndGlobalSection
EndGlobal
